
Microsoft Visual Studio Solution File, Format Version 12.00
# Visual Studio Version 17
VisualStudioVersion = 17.14.37111.16 d17.14
MinimumVisualStudioVersion = 10.0.40219.1
Project("{FAE04EC0-301F-11D3-BF4B-00C04F79EFBC}") = "TasksApp", "TasksApp\TasksApp.csproj", "{A1D47FB5-40BA-4011-B486-B807D9DC4D07}"
EndProject
Global
	GlobalSection(SolutionConfigurationPlatforms) = preSolution
		Debug|Any CPU = Debug|Any CPU
		Release|Any CPU = Release|Any CPU
	EndGlobalSection
	GlobalSection(ProjectConfigurationPlatforms) = postSolution
		{A1D47FB5-40BA-4011-B486-B807D9DC4D07}.Debug|Any CPU.ActiveCfg = Debug|Any CPU
		{A1D47FB5-40BA-4011-B486-B807D9DC4D07}.Debug|Any CPU.Build.0 = Debug|Any CPU
		{A1D47FB5-40BA-4011-B486-B807D9DC4D07}.Release|Any CPU.ActiveCfg = Release|Any CPU
		{A1D47FB5-40BA-4011-B486-B807D9DC4D07}.Release|Any CPU.Build.0 = Release|Any CPU
	EndGlobalSection
	GlobalSection(SolutionProperties) = preSolution
		HideSolutionNode = FALSE
	EndGlobalSection
	GlobalSection(ExtensibilityGlobals) = postSolution
		SolutionGuid = {08AA68EA-E90E-4F39-93CE-F2D8C24BCC44}
	EndGlobalSection
EndGlobal
